// !$*UTF8*$!
{
	archiveVersion = 1;
	classes = {
	};
	objectVersion = 46;
	objects = {

/* Begin PBXBuildFile section */
		4A5DD0541BDAD0FD00943356 /* AppDelegate.swift in Sources */ = {isa = PBXBuildFile; fileRef = 4A5DD0531BDAD0FD00943356 /* AppDelegate.swift */; };
		4A5DD0561BDAD0FD00943356 /* ViewController.swift in Sources */ = {isa = PBXBuildFile; fileRef = 4A5DD0551BDAD0FD00943356 /* ViewController.swift */; };
		4A5DD0591BDAD0FD00943356 /* Main.storyboard in Resources */ = {isa = PBXBuildFile; fileRef = 4A5DD0571BDAD0FD00943356 /* Main.storyboard */; };
		4A5DD05B1BDAD0FD00943356 /* Assets.xcassets in Resources */ = {isa = PBXBuildFile; fileRef = 4A5DD05A1BDAD0FD00943356 /* Assets.xcassets */; };
		4A5DD05E1BDAD0FD00943356 /* LaunchScreen.storyboard in Resources */ = {isa = PBXBuildFile; fileRef = 4A5DD05C1BDAD0FD00943356 /* LaunchScreen.storyboard */; };
/* End PBXBuildFile section */

/* Begin PBXFileReference section */
		4A5DD0501BDAD0FD00943356 /* BlueRed.app */ = {isa = PBXFileReference; explicitFileType = wrapper.application; includeInIndex = 0; path = BlueRed.app; sourceTree = BUILT_PRODUCTS_DIR; };
		4A5DD0531BDAD0FD00943356 /* AppDelegate.swift */ = {isa = PBXFileReference; lastKnownFileType = sourcecode.swift; path = AppDelegate.swift; sourceTree = "<group>"; };
		4A5DD0551BDAD0FD00943356 /* ViewController.swift */ = {isa = PBXFileReference; lastKnownFileType = sourcecode.swift; path = ViewController.swift; sourceTree = "<group>"; };
		4A5DD0581BDAD0FD00943356 /* Base */ = {isa = PBXFileReference; lastKnownFileType = file.storyboard; name = Base; path = Base.lproj/Main.storyboard; sourceTree = "<group>"; };
		4A5DD05A1BDAD0FD00943356 /* Assets.xcassets */ = {isa = PBXFileReference; lastKnownFileType = folder.assetcatalog; path = Assets.xcassets; sourceTree = "<group>"; };
		4A5DD05D1BDAD0FD00943356 /* Base */ = {isa = PBXFileReference; lastKnownFileType = file.storyboard; name = Base; path = Base.lproj/LaunchScreen.storyboard; sourceTree = "<group>"; };
		4A5DD05F1BDAD0FD00943356 /* Info.plist */ = {isa = PBXFileReference; lastKnownFileType = text.plist.xml; path = Info.plist; sourceTree = "<group>"; };
/* End PBXFileReference section */

/* Begin PBXFrameworksBuildPhase section */
		4A5DD04D1BDAD0FD00943356 /* Frameworks */ = {
			isa = PBXFrameworksBuildPhase;
			buildActionMask = 2147483647;
			files = (
			);
			runOnlyForDeploymentPostprocessing = 0;
		};
/* End PBXFrameworksBuildPhase section */

/* Begin PBXGroup section */
		4A5DD0471BDAD0FD00943356 = {
			isa = PBXGroup;
			children = (
				4A5DD0521BDAD0FD00943356 /* BlueRed */,
				4A5DD0511BDAD0FD00943356 /* Products */,
			);
			sourceTree = "<group>";
		};
		4A5DD0511BDAD0FD00943356 /* Products */ = {
			isa = PBXGroup;
			children = (
				4A5DD0501BDAD0FD00943356 /* BlueRed.app */,
			);
			name = Products;
			sourceTree = "<group>";
		};
		4A5DD0521BDAD0FD00943356 /* BlueRed */ = {
			isa = PBXGroup;
			children = (
				4A5DD0531BDAD0FD00943356 /* AppDelegate.swift */,
				4A5DD0551BDAD0FD00943356 /* ViewController.swift */,
				4A5DD0571BDAD0FD00943356 /* Main.storyboard */,
				4A5DD05A1BDAD0FD00943356 /* Assets.xcassets */,
				4A5DD05C1BDAD0FD00943356 /* LaunchScreen.storyboard */,
				4A5DD05F1BDAD0FD00943356 /* Info.plist */,
			);
			path = BlueRed;
			sourceTree = "<group>";
		};
/* End PBXGroup section */

/* Begin PBXNativeTarget section */
		4A5DD04F1BDAD0FD00943356 /* BlueRed */ = {
			isa = PBXNativeTarget;
			buildConfigurationList = 4A5DD0621BDAD0FD00943356 /* Build configuration list for PBXNativeTarget "BlueRed" */;
			buildPhases = (
				4A5DD04C1BDAD0FD00943356 /* Sources */,
				4A5DD04D1BDAD0FD00943356 /* Frameworks */,
				4A5DD04E1BDAD0FD00943356 /* Resources */,
			);
			buildRules = (
			);
			dependencies = (
			);
			name = BlueRed;
			productName = BlueRed;
			productReference = 4A5DD0501BDAD0FD00943356 /* BlueRed.app */;
			productType = "com.apple.product-type.application";
		};
/* End PBXNativeTarget section */

/* Begin PBXProject section */
		4A5DD0481BDAD0FD00943356 /* Project object */ = {
			isa = PBXProject;
			attributes = {
				LastSwiftUpdateCheck = 0710;
				LastUpgradeCheck = 0710;
				ORGANIZATIONNAME = "Mello Labs";
				TargetAttributes = {
					4A5DD04F1BDAD0FD00943356 = {
						CreatedOnToolsVersion = 7.1;
						DevelopmentTeam = P3VX67D7H7;
					};
				};
			};
			buildConfigurationList = 4A5DD04B1BDAD0FD00943356 /* Build configuration list for PBXProject "BlueRed" */;
			compatibilityVersion = "Xcode 3.2";
			developmentRegion = English;
			hasScannedForEncodings = 0;
			knownRegions = (
				en,
				Base,
			);
			mainGroup = 4A5DD0471BDAD0FD00943356;
			productRefGroup = 4A5DD0511BDAD0FD00943356 /* Products */;
			projectDirPath = "";
			projectRoot = "";
			targets = (
				4A5DD04F1BDAD0FD00943356 /* BlueRed */,
			);
		};
/* End PBXProject section */

/* Begin PBXResourcesBuildPhase section */
		4A5DD04E1BDAD0FD00943356 /* Resources */ = {
			isa = PBXResourcesBuildPhase;
			buildActionMask = 2147483647;
			files = (
				4A5DD05E1BDAD0FD00943356 /* LaunchScreen.storyboard in Resources */,
				4A5DD05B1BDAD0FD00943356 /* Assets.xcassets in Resources */,
				4A5DD0591BDAD0FD00943356 /* Main.storyboard in Resources */,
			);
			runOnlyForDeploymentPostprocessing = 0;
		};
/* End PBXResourcesBuildPhase section */

/* Begin PBXSourcesBuildPhase section */
		4A5DD04C1BDAD0FD00943356 /* Sources */ = {
			isa = PBXSourcesBuildPhase;
			buildActionMask = 2147483647;
			files = (
				4A5DD0561BDAD0FD00943356 /* ViewController.swift in Sources */,
				4A5DD0541BDAD0FD00943356 /* AppDelegate.swift in Sources */,
			);
			runOnlyForDeploymentPostprocessing = 0;
		};
/* End PBXSourcesBuildPhase section */

/* Begin PBXVariantGroup section */
		4A5DD0571BDAD0FD00943356 /* Main.storyboard */ = {
			isa = PBXVariantGroup;
			children = (
				4A5DD0581BDAD0FD00943356 /* Base */,
			);
			name = Main.storyboard;
			sourceTree = "<group>";
		};
		4A5DD05C1BDAD0FD00943356 /* LaunchScreen.storyboard */ = {
			isa = PBXVariantGroup;
			children = (
				4A5DD05D1BDAD0FD00943356 /* Base */,
			);
			name = LaunchScreen.storyboard;
			sourceTree = "<group>";
		};
/* End PBXVariantGroup section */

/* Begin XCBuildConfiguration section */
		4A5DD0601BDAD0FD00943356 /* Debug */ = {
			isa = XCBuildConfiguration;
			buildSettings = {
				ALWAYS_SEARCH_USER_PATHS = NO;
				CLANG_CXX_LANGUAGE_STANDARD = "gnu++0x";
				CLANG_CXX_LIBRARY = "libc++";
				CLANG_ENABLE_MODULES = YES;
				CLANG_ENABLE_OBJC_ARC = YES;
				CLANG_WARN_BOOL_CONVERSION = YES;
				CLANG_WARN_CONSTANT_CONVERSION = YES;
				CLANG_WARN_DIRECT_OBJC_ISA_USAGE = YES_ERROR;
				CLANG_WARN_EMPTY_BODY = YES;
				CLANG_WARN_ENUM_CONVERSION = YES;
				CLANG_WARN_INT_CONVERSION = YES;
				CLANG_WARN_OBJC_ROOT_CLASS = YES_ERROR;
				CLANG_WARN_UNREACHABLE_CODE = YES;
				CLANG_WARN__DUPLICATE_METHOD_MATCH = YES;
				"CODE_SIGN_IDENTITY[sdk=iphoneos*]" = "iPhone Developer";
				COPY_PHASE_STRIP = NO;
				DEBUG_INFORMATION_FORMAT = dwarf;
				ENABLE_STRICT_OBJC_MSGSEND = YES;
				ENABLE_TESTABILITY = YES;
				GCC_C_LANGUAGE_STANDARD = gnu99;
				GCC_DYNAMIC_NO_PIC = NO;
				GCC_NO_COMMON_BLOCKS = YES;
				GCC_OPTIMIZATION_LEVEL = 0;
				GCC_PREPROCESSOR_DEFINITIONS = (
					"DEBUG=1",
					"$(inherited)",
				);
				GCC_WARN_64_TO_32_BIT_CONVERSION = YES;
				GCC_WARN_ABOUT_RETURN_TYPE = YES_ERROR;
				GCC_WARN_UNDECLARED_SELECTOR = YES;
				GCC_WARN_UNINITIALIZED_AUTOS = YES_AGGRESSIVE;
				GCC_WARN_UNUSED_FUNCTION = YES;
				GCC_WARN_UNUSED_VARIABLE = YES;
				IPHONEOS_DEPLOYMENT_TARGET = 9.1;
				MTL_ENABLE_DEBUG_INFO = YES;
				ONLY_ACTIVE_ARCH = YES;
				SDKROOT = iphoneos;
				SWIFT_OPTIMIZATION_LEVEL = "-Onone";
			};
			name = Debug;
		};
		4A5DD0611BDAD0FD00943356 /* Release */ = {
			isa = XCBuildConfiguration;
			buildSettings = {
				ALWAYS_SEARCH_USER_PATHS = NO;
				CLANG_CXX_LANGUAGE_STANDARD = "gnu++0x";
				CLANG_CXX_LIBRARY = "libc++";
				CLANG_ENABLE_MODULES = YES;
				CLANG_ENABLE_OBJC_ARC = YES;
				CLANG_WARN_BOOL_CONVERSION = YES;
				CLANG_WARN_CONSTANT_CONVERSION = YES;
				CLANG_WARN_DIRECT_OBJC_ISA_USAGE = YES_ERROR;
				CLANG_WARN_EMPTY_BODY = YES;
				CLANG_WARN_ENUM_CONVERSION = YES;
				CLANG_WARN_INT_CONVERSION = YES;
				CLANG_WARN_OBJC_ROOT_CLASS = YES_ERROR;
				CLANG_WARN_UNREACHABLE_CODE = YES;
				CLANG_WARN__DUPLICATE_METHOD_MATCH = YES;
				"CODE_SIGN_IDENTITY[sdk=iphoneos*]" = "iPhone Developer";
				COPY_PHASE_STRIP = NO;
				DEBUG_INFORMATION_FORMAT = "dwarf-with-dsym";
				ENABLE_NS_ASSERTIONS = NO;
				ENABLE_STRICT_OBJC_MSGSEND = YES;
				GCC_C_LANGUAGE_STANDARD = gnu99;
				GCC_NO_COMMON_BLOCKS = YES;
				GCC_WARN_64_TO_32_BIT_CONVERSION = YES;
				GCC_WARN_ABOUT_RETURN_TYPE = YES_ERROR;
				GCC_WARN_UNDECLARED_SELECTOR = YES;
				GCC_WARN_UNINITIALIZED_AUTOS = YES_AGGRESSIVE;
				GCC_WARN_UNUSED_FUNCTION = YES;
				GCC_WARN_UNUSED_VARIABLE = YES;
				IPHONEOS_DEPLOYMENT_TARGET = 9.1;
				MTL_ENABLE_DEBUG_INFO = NO;
				SDKROOT = iphoneos;
				VALIDATE_PRODUCT = YES;
			};
			name = Release;
		};
		4A5DD0631BDAD0FD00943356 /* Debug */ = {
			isa = XCBuildConfiguration;
			buildSettings = {
				ASSETCATALOG_COMPILER_APPICON_NAME = AppIcon;
				CODE_SIGN_IDENTITY = "iPhone Developer";
				"CODE_SIGN_IDENTITY[sdk=iphoneos*]" = "iPhone Developer";
				INFOPLIST_FILE = BlueRed/Info.plist;
				LD_RUNPATH_SEARCH_PATHS = "$(inherited) @executable_path/Frameworks";
				PRODUCT_BUNDLE_IDENTIFIER = com.mellolabs.BlueRed;
				PRODUCT_NAME = "$(TARGET_NAME)";
				PROVISIONING_PROFILE = "";
			};
			name = Debug;
		};
		4A5DD0641BDAD0FD00943356 /* Release */ = {
			isa = XCBuildConfiguration;
			buildSettings = {
				ASSETCATALOG_COMPILER_APPICON_NAME = AppIcon;
				CODE_SIGN_IDENTITY = "iPhone Developer";
				"CODE_SIGN_IDENTITY[sdk=iphoneos*]" = "iPhone Developer";
				INFOPLIST_FILE = BlueRed/Info.plist;
				LD_RUNPATH_SEARCH_PATHS = "$(inherited) @executable_path/Frameworks";
				PRODUCT_BUNDLE_IDENTIFIER = com.mellolabs.BlueRed;
				PRODUCT_NAME = "$(TARGET_NAME)";
				PROVISIONING_PROFILE = "";
			};
			name = Release;
		};
/* End XCBuildConfiguration section */

/* Begin XCConfigurationList section */
		4A5DD04B1BDAD0FD00943356 /* Build configuration list for PBXProject "BlueRed" */ = {
			isa = XCConfigurationList;
			buildConfigurations = (
				4A5DD0601BDAD0FD00943356 /* Debug */,
				4A5DD0611BDAD0FD00943356 /* Release */,
			);
			defaultConfigurationIsVisible = 0;
			defaultConfigurationName = Release;
		};
		4A5DD0621BDAD0FD00943356 /* Build configuration list for PBXNativeTarget "BlueRed" */ = {
			isa = XCConfigurationList;
			buildConfigurations = (
				4A5DD0631BDAD0FD00943356 /* Debug */,
				4A5DD0641BDAD0FD00943356 /* Release */,
			);
			defaultConfigurationIsVisible = 0;
		};
/* End XCConfigurationList section */
	};
	rootObject = 4A5DD0481BDAD0FD00943356 /* Project object */;
}
